
Microsoft Visual Studio Solution File, Format Version 12.00
# Visual Studio Version 17
VisualStudioVersion = 17.11.35222.181
MinimumVisualStudioVersion = 10.0.40219.1
Project("{FAE04EC0-301F-11D3-BF4B-00C04F79EFBC}") = "mediatRDemo", "mediatRDemo\mediatRDemo.csproj", "{2EE35EDC-E0CA-4CE3-8F18-7B6B31333CC2}"
EndProject
Project("{FAE04EC0-301F-11D3-BF4B-00C04F79EFBC}") = "Domain", "Domain\Domain.csproj", "{0EE513C2-3253-4A60-906E-B667E0BBA8DB}"
EndProject
Project("{FAE04EC0-301F-11D3-BF4B-00C04F79EFBC}") = "Infrastructure", "Infrastructure\Infrastructure.csproj", "{95A2226E-96FE-4A43-B515-C0BB2E3DEB9E}"
EndProject
Global
	GlobalSection(SolutionConfigurationPlatforms) = preSolution
		Debug|Any CPU = Debug|Any CPU
		Release|Any CPU = Release|Any CPU
	EndGlobalSection
	GlobalSection(ProjectConfigurationPlatforms) = postSolution
		{2EE35EDC-E0CA-4CE3-8F18-7B6B31333CC2}.Debug|Any CPU.ActiveCfg = Debug|Any CPU
		{2EE35EDC-E0CA-4CE3-8F18-7B6B31333CC2}.Debug|Any CPU.Build.0 = Debug|Any CPU
		{2EE35EDC-E0CA-4CE3-8F18-7B6B31333CC2}.Release|Any CPU.ActiveCfg = Release|Any CPU
		{2EE35EDC-E0CA-4CE3-8F18-7B6B31333CC2}.Release|Any CPU.Build.0 = Release|Any CPU
		{0EE513C2-3253-4A60-906E-B667E0BBA8DB}.Debug|Any CPU.ActiveCfg = Debug|Any CPU
		{0EE513C2-3253-4A60-906E-B667E0BBA8DB}.Debug|Any CPU.Build.0 = Debug|Any CPU
		{0EE513C2-3253-4A60-906E-B667E0BBA8DB}.Release|Any CPU.ActiveCfg = Release|Any CPU
		{0EE513C2-3253-4A60-906E-B667E0BBA8DB}.Release|Any CPU.Build.0 = Release|Any CPU
		{95A2226E-96FE-4A43-B515-C0BB2E3DEB9E}.Debug|Any CPU.ActiveCfg = Debug|Any CPU
		{95A2226E-96FE-4A43-B515-C0BB2E3DEB9E}.Debug|Any CPU.Build.0 = Debug|Any CPU
		{95A2226E-96FE-4A43-B515-C0BB2E3DEB9E}.Release|Any CPU.ActiveCfg = Release|Any CPU
		{95A2226E-96FE-4A43-B515-C0BB2E3DEB9E}.Release|Any CPU.Build.0 = Release|Any CPU
	EndGlobalSection
	GlobalSection(SolutionProperties) = preSolution
		HideSolutionNode = FALSE
	EndGlobalSection
	GlobalSection(ExtensibilityGlobals) = postSolution
		SolutionGuid = {407D5D93-5D42-41B1-80E0-96D80CAC0525}
	EndGlobalSection
EndGlobal
